
Microsoft Visual Studio Solution File, Format Version 12.00
# Visual Studio Version 17
VisualStudioVersion = 17.14.36109.1 d17.14
MinimumVisualStudioVersion = 10.0.40219.1
Project("{FAE04EC0-301F-11D3-BF4B-00C04F79EFBC}") = "Dsl", "Dsl\Dsl.csproj", "{119EE325-628A-4E4B-A294-95C2BE6BF73F}"
EndProject
Project("{FAE04EC0-301F-11D3-BF4B-00C04F79EFBC}") = "DslPackage", "DslPackage\DslPackage.csproj", "{B243DD0B-4ECC-40C9-80B9-1F480D9C3B34}"
EndProject
Global
	GlobalSection(SolutionConfigurationPlatforms) = preSolution
		Debug|Any CPU = Debug|Any CPU
		Release|Any CPU = Release|Any CPU
	EndGlobalSection
	GlobalSection(ProjectConfigurationPlatforms) = postSolution
		{119EE325-628A-4E4B-A294-95C2BE6BF73F}.Debug|Any CPU.ActiveCfg = Debug|Any CPU
		{119EE325-628A-4E4B-A294-95C2BE6BF73F}.Debug|Any CPU.Build.0 = Debug|Any CPU
		{119EE325-628A-4E4B-A294-95C2BE6BF73F}.Release|Any CPU.ActiveCfg = Release|Any CPU
		{119EE325-628A-4E4B-A294-95C2BE6BF73F}.Release|Any CPU.Build.0 = Release|Any CPU
		{B243DD0B-4ECC-40C9-80B9-1F480D9C3B34}.Debug|Any CPU.ActiveCfg = Debug|Any CPU
		{B243DD0B-4ECC-40C9-80B9-1F480D9C3B34}.Debug|Any CPU.Build.0 = Debug|Any CPU
		{B243DD0B-4ECC-40C9-80B9-1F480D9C3B34}.Release|Any CPU.ActiveCfg = Release|Any CPU
		{B243DD0B-4ECC-40C9-80B9-1F480D9C3B34}.Release|Any CPU.Build.0 = Release|Any CPU
	EndGlobalSection
	GlobalSection(SolutionProperties) = preSolution
		HideSolutionNode = FALSE
	EndGlobalSection
	GlobalSection(ExtensibilityGlobals) = postSolution
		SolutionGuid = {452E83E8-3607-49BC-9CA1-26DE4C557162}
	EndGlobalSection
EndGlobal
